{
  "requires": true,
  "lockfileVersion": 1,
  "dependencies": {
    "ccxt": {
      "version": "1.37.34",
      "resolved": "https://registry.npmjs.org/ccxt/-/ccxt-1.37.34.tgz",
      "integrity": "sha512-u4bBmSLq0XnTFg2xDlwhq6fYXvreN9cEUN/+kopv3tQ97t9wrX5ChGY6qwamCAhhVt2IcUeA77miv8J2N5hghQ=="
    }
  }
}
