{
  "name": "51551",
  "version": "1.0.0",
  "lockfileVersion": 1,
  "requires": true,
  "dependencies": {
    "ccxt": {
      "version": "1.38.13",
      "resolved": "https://registry.npmjs.org/ccxt/-/ccxt-1.38.13.tgz",
      "integrity": "sha512-pTazUwEf3lHLxfM+/vqu1bCYUi3toerwxI0B8UjqsnibZ8UoQOqDO4Uf83hPMFBnXp6wNbzgNewbc84u0Wwy/g=="
    }
  }
}
